
Microsoft Visual Studio Solution File, Format Version 12.00
# Visual Studio Version 17
VisualStudioVersion = 17.3.32901.215
MinimumVisualStudioVersion = 10.0.40219.1
Project("{9A19103F-16F7-4668-BE54-9A1E7A4F7556}") = "TromboneControl", "TromboneControl\TromboneControl.csproj", "{876AFA7E-7CD7-4555-941A-133003430C61}"
EndProject
Project("{54435603-DBB4-11D2-8724-00A0C9A8B90C}") = "TromboneSetup", "TromboneSetup\TromboneSetup.vdproj", "{8DBD7B3D-0B13-45BF-8F6B-A1F73A14D277}"
EndProject
Global
	GlobalSection(SolutionConfigurationPlatforms) = preSolution
		Debug|Any CPU = Debug|Any CPU
		Debug|ARM = Debug|ARM
		Debug|ARM64 = Debug|ARM64
		Debug|x64 = Debug|x64
		Debug|x86 = Debug|x86
		Release|Any CPU = Release|Any CPU
		Release|ARM = Release|ARM
		Release|ARM64 = Release|ARM64
		Release|x64 = Release|x64
		Release|x86 = Release|x86
	EndGlobalSection
	GlobalSection(ProjectConfigurationPlatforms) = postSolution
		{876AFA7E-7CD7-4555-941A-133003430C61}.Debug|Any CPU.ActiveCfg = Debug|Any CPU
		{876AFA7E-7CD7-4555-941A-133003430C61}.Debug|Any CPU.Build.0 = Debug|Any CPU
		{876AFA7E-7CD7-4555-941A-133003430C61}.Debug|ARM.ActiveCfg = Debug|Any CPU
		{876AFA7E-7CD7-4555-941A-133003430C61}.Debug|ARM.Build.0 = Debug|Any CPU
		{876AFA7E-7CD7-4555-941A-133003430C61}.Debug|ARM64.ActiveCfg = Debug|Any CPU
		{876AFA7E-7CD7-4555-941A-133003430C61}.Debug|ARM64.Build.0 = Debug|Any CPU
		{876AFA7E-7CD7-4555-941A-133003430C61}.Debug|x64.ActiveCfg = Debug|Any CPU
		{876AFA7E-7CD7-4555-941A-133003430C61}.Debug|x64.Build.0 = Debug|Any CPU
		{876AFA7E-7CD7-4555-941A-133003430C61}.Debug|x86.ActiveCfg = Debug|Any CPU
		{876AFA7E-7CD7-4555-941A-133003430C61}.Debug|x86.Build.0 = Debug|Any CPU
		{876AFA7E-7CD7-4555-941A-133003430C61}.Release|Any CPU.ActiveCfg = Release|Any CPU
		{876AFA7E-7CD7-4555-941A-133003430C61}.Release|Any CPU.Build.0 = Release|Any CPU
		{876AFA7E-7CD7-4555-941A-133003430C61}.Release|ARM.ActiveCfg = Release|Any CPU
		{876AFA7E-7CD7-4555-941A-133003430C61}.Release|ARM.Build.0 = Release|Any CPU
		{876AFA7E-7CD7-4555-941A-133003430C61}.Release|ARM64.ActiveCfg = Release|Any CPU
		{876AFA7E-7CD7-4555-941A-133003430C61}.Release|ARM64.Build.0 = Release|Any CPU
		{876AFA7E-7CD7-4555-941A-133003430C61}.Release|x64.ActiveCfg = Release|Any CPU
		{876AFA7E-7CD7-4555-941A-133003430C61}.Release|x64.Build.0 = Release|Any CPU
		{876AFA7E-7CD7-4555-941A-133003430C61}.Release|x86.ActiveCfg = Release|x86
		{876AFA7E-7CD7-4555-941A-133003430C61}.Release|x86.Build.0 = Release|x86
		{8DBD7B3D-0B13-45BF-8F6B-A1F73A14D277}.Debug|Any CPU.ActiveCfg = Debug
		{8DBD7B3D-0B13-45BF-8F6B-A1F73A14D277}.Debug|ARM.ActiveCfg = Debug
		{8DBD7B3D-0B13-45BF-8F6B-A1F73A14D277}.Debug|ARM64.ActiveCfg = Debug
		{8DBD7B3D-0B13-45BF-8F6B-A1F73A14D277}.Debug|x64.ActiveCfg = Debug
		{8DBD7B3D-0B13-45BF-8F6B-A1F73A14D277}.Debug|x86.ActiveCfg = Debug
		{8DBD7B3D-0B13-45BF-8F6B-A1F73A14D277}.Release|Any CPU.ActiveCfg = Release
		{8DBD7B3D-0B13-45BF-8F6B-A1F73A14D277}.Release|ARM.ActiveCfg = Release
		{8DBD7B3D-0B13-45BF-8F6B-A1F73A14D277}.Release|ARM64.ActiveCfg = Release
		{8DBD7B3D-0B13-45BF-8F6B-A1F73A14D277}.Release|x64.ActiveCfg = Release
		{8DBD7B3D-0B13-45BF-8F6B-A1F73A14D277}.Release|x86.ActiveCfg = Release
	EndGlobalSection
	GlobalSection(SolutionProperties) = preSolution
		HideSolutionNode = FALSE
	EndGlobalSection
	GlobalSection(ExtensibilityGlobals) = postSolution
		SolutionGuid = {CD2CA395-395E-47CD-9888-7F9E4CBD1152}
	EndGlobalSection
EndGlobal
